// !$*UTF8*$!
{
	archiveVersion = 1;
	classes = {
	};
	objectVersion = 56;
	objects = {

/* Begin PBXBuildFile section */
		4E4748232C8FDA86002E0BD9 /* FirebaseAnalytics in Frameworks */ = {isa = PBXBuildFile; productRef = 4E4748222C8FDA86002E0BD9 /* FirebaseAnalytics */; };
		4E4748252C8FDB51002E0BD9 /* FirebaseAuth in Frameworks */ = {isa = PBXBuildFile; productRef = 4E4748242C8FDB51002E0BD9 /* FirebaseAuth */; };
		4E4748272C8FDB51002E0BD9 /* FirebaseAuthCombine-Community in Frameworks */ = {isa = PBXBuildFile; productRef = 4E4748262C8FDB51002E0BD9 /* FirebaseAuthCombine-Community */; };
		4E4748292C8FDB51002E0BD9 /* FirebaseFirestore in Frameworks */ = {isa = PBXBuildFile; productRef = 4E4748282C8FDB51002E0BD9 /* FirebaseFirestore */; };
		4E47482B2C8FDBC9002E0BD9 /* FirebaseAnalyticsOnDeviceConversion in Frameworks */ = {isa = PBXBuildFile; productRef = 4E47482A2C8FDBC9002E0BD9 /* FirebaseAnalyticsOnDeviceConversion */; };
		4E47482D2C8FDBC9002E0BD9 /* FirebaseAnalyticsWithoutAdIdSupport in Frameworks */ = {isa = PBXBuildFile; productRef = 4E47482C2C8FDBC9002E0BD9 /* FirebaseAnalyticsWithoutAdIdSupport */; };
		4E47482F2C8FDBC9002E0BD9 /* FirebaseAppCheck in Frameworks */ = {isa = PBXBuildFile; productRef = 4E47482E2C8FDBC9002E0BD9 /* FirebaseAppCheck */; };
		4E4748312C8FDBC9002E0BD9 /* FirebaseAppDistribution-Beta in Frameworks */ = {isa = PBXBuildFile; productRef = 4E4748302C8FDBC9002E0BD9 /* FirebaseAppDistribution-Beta */; };
		4E4748332C8FDBC9002E0BD9 /* FirebaseCrashlytics in Frameworks */ = {isa = PBXBuildFile; productRef = 4E4748322C8FDBC9002E0BD9 /* FirebaseCrashlytics */; };
		4E4748352C8FDBC9002E0BD9 /* FirebaseDatabase in Frameworks */ = {isa = PBXBuildFile; productRef = 4E4748342C8FDBC9002E0BD9 /* FirebaseDatabase */; };
		4E4748372C8FDBC9002E0BD9 /* FirebaseDynamicLinks in Frameworks */ = {isa = PBXBuildFile; productRef = 4E4748362C8FDBC9002E0BD9 /* FirebaseDynamicLinks */; };
		4E4748392C8FDBC9002E0BD9 /* FirebaseFirestoreCombine-Community in Frameworks */ = {isa = PBXBuildFile; productRef = 4E4748382C8FDBC9002E0BD9 /* FirebaseFirestoreCombine-Community */; };
		4E47483B2C8FDBC9002E0BD9 /* FirebaseFunctions in Frameworks */ = {isa = PBXBuildFile; productRef = 4E47483A2C8FDBC9002E0BD9 /* FirebaseFunctions */; };
		4E47483D2C8FDBC9002E0BD9 /* FirebaseFunctionsCombine-Community in Frameworks */ = {isa = PBXBuildFile; productRef = 4E47483C2C8FDBC9002E0BD9 /* FirebaseFunctionsCombine-Community */; };
		4E47483F2C8FDBC9002E0BD9 /* FirebaseInAppMessaging-Beta in Frameworks */ = {isa = PBXBuildFile; productRef = 4E47483E2C8FDBC9002E0BD9 /* FirebaseInAppMessaging-Beta */; };
		4E4748412C8FDBC9002E0BD9 /* FirebaseInstallations in Frameworks */ = {isa = PBXBuildFile; productRef = 4E4748402C8FDBC9002E0BD9 /* FirebaseInstallations */; };
		4E4748432C8FDBC9002E0BD9 /* FirebaseMLModelDownloader in Frameworks */ = {isa = PBXBuildFile; productRef = 4E4748422C8FDBC9002E0BD9 /* FirebaseMLModelDownloader */; };
		4E4748452C8FDBC9002E0BD9 /* FirebaseMessaging in Frameworks */ = {isa = PBXBuildFile; productRef = 4E4748442C8FDBC9002E0BD9 /* FirebaseMessaging */; };
		4E4748472C8FDBC9002E0BD9 /* FirebasePerformance in Frameworks */ = {isa = PBXBuildFile; productRef = 4E4748462C8FDBC9002E0BD9 /* FirebasePerformance */; };
		4E4748492C8FDBC9002E0BD9 /* FirebaseRemoteConfig in Frameworks */ = {isa = PBXBuildFile; productRef = 4E4748482C8FDBC9002E0BD9 /* FirebaseRemoteConfig */; };
		4E47484B2C8FDBC9002E0BD9 /* FirebaseStorage in Frameworks */ = {isa = PBXBuildFile; productRef = 4E47484A2C8FDBC9002E0BD9 /* FirebaseStorage */; };
		4E47484D2C8FDBC9002E0BD9 /* FirebaseStorageCombine-Community in Frameworks */ = {isa = PBXBuildFile; productRef = 4E47484C2C8FDBC9002E0BD9 /* FirebaseStorageCombine-Community */; };
		4E47484F2C8FDBC9002E0BD9 /* FirebaseVertexAI-Preview in Frameworks */ = {isa = PBXBuildFile; productRef = 4E47484E2C8FDBC9002E0BD9 /* FirebaseVertexAI-Preview */; };
		4E4748512C8FE2AF002E0BD9 /* GoogleService-Info.plist in Resources */ = {isa = PBXBuildFile; fileRef = 4E4748502C8FE2AE002E0BD9 /* GoogleService-Info.plist */; };
		4E4748542C8FE64C002E0BD9 /* LoginView.swift in Sources */ = {isa = PBXBuildFile; fileRef = 4E4748532C8FE64C002E0BD9 /* LoginView.swift */; };
		4E4748562C8FE66E002E0BD9 /* RegistrationView.swift in Sources */ = {isa = PBXBuildFile; fileRef = 4E4748552C8FE66E002E0BD9 /* RegistrationView.swift */; };
		4EF5691D2C8E941100416DD4 /* firstassignmentApp.swift in Sources */ = {isa = PBXBuildFile; fileRef = 4EF5691C2C8E941100416DD4 /* firstassignmentApp.swift */; };
		4EF5691F2C8E941100416DD4 /* ContentView.swift in Sources */ = {isa = PBXBuildFile; fileRef = 4EF5691E2C8E941100416DD4 /* ContentView.swift */; };
		4EF569212C8E941100416DD4 /* Item.swift in Sources */ = {isa = PBXBuildFile; fileRef = 4EF569202C8E941100416DD4 /* Item.swift */; };
		4EF569232C8E941300416DD4 /* Assets.xcassets in Resources */ = {isa = PBXBuildFile; fileRef = 4EF569222C8E941300416DD4 /* Assets.xcassets */; };
		4EF569262C8E941300416DD4 /* Preview Assets.xcassets in Resources */ = {isa = PBXBuildFile; fileRef = 4EF569252C8E941300416DD4 /* Preview Assets.xcassets */; };
		4EF569302C8E941300416DD4 /* firstassignmentTests.swift in Sources */ = {isa = PBXBuildFile; fileRef = 4EF5692F2C8E941300416DD4 /* firstassignmentTests.swift */; };
		4EF5693A2C8E941300416DD4 /* firstassignmentUITests.swift in Sources */ = {isa = PBXBuildFile; fileRef = 4EF569392C8E941300416DD4 /* firstassignmentUITests.swift */; };
		4EF5693C2C8E941300416DD4 /* firstassignmentUITestsLaunchTests.swift in Sources */ = {isa = PBXBuildFile; fileRef = 4EF5693B2C8E941300416DD4 /* firstassignmentUITestsLaunchTests.swift */; };
/* End PBXBuildFile section */

/* Begin PBXContainerItemProxy section */
		4EF5692C2C8E941300416DD4 /* PBXContainerItemProxy */ = {
			isa = PBXContainerItemProxy;
			containerPortal = 4EF569112C8E941100416DD4 /* Project object */;
			proxyType = 1;
			remoteGlobalIDString = 4EF569182C8E941100416DD4;
			remoteInfo = firstassignment;
		};
		4EF569362C8E941300416DD4 /* PBXContainerItemProxy */ = {
			isa = PBXContainerItemProxy;
			containerPortal = 4EF569112C8E941100416DD4 /* Project object */;
			proxyType = 1;
			remoteGlobalIDString = 4EF569182C8E941100416DD4;
			remoteInfo = firstassignment;
		};
/* End PBXContainerItemProxy section */

/* Begin PBXFileReference section */
		4E4748502C8FE2AE002E0BD9 /* GoogleService-Info.plist */ = {isa = PBXFileReference; fileEncoding = 4; lastKnownFileType = text.plist.xml; name = "GoogleService-Info.plist"; path = "../../../../Downloads/GoogleService-Info.plist"; sourceTree = "<group>"; };
		4E4748522C8FE2D5002E0BD9 /* GoogleService-Info.plist */ = {isa = PBXFileReference; lastKnownFileType = text.plist.xml; path = "GoogleService-Info.plist"; sourceTree = "<group>"; };
		4E4748532C8FE64C002E0BD9 /* LoginView.swift */ = {isa = PBXFileReference; lastKnownFileType = sourcecode.swift; path = LoginView.swift; sourceTree = "<group>"; };
		4E4748552C8FE66E002E0BD9 /* RegistrationView.swift */ = {isa = PBXFileReference; lastKnownFileType = sourcecode.swift; path = RegistrationView.swift; sourceTree = "<group>"; };
		4EF569192C8E941100416DD4 /* firstassignment.app */ = {isa = PBXFileReference; explicitFileType = wrapper.application; includeInIndex = 0; path = firstassignment.app; sourceTree = BUILT_PRODUCTS_DIR; };
		4EF5691C2C8E941100416DD4 /* firstassignmentApp.swift */ = {isa = PBXFileReference; lastKnownFileType = sourcecode.swift; path = firstassignmentApp.swift; sourceTree = "<group>"; };
		4EF5691E2C8E941100416DD4 /* ContentView.swift */ = {isa = PBXFileReference; lastKnownFileType = sourcecode.swift; path = ContentView.swift; sourceTree = "<group>"; };
		4EF569202C8E941100416DD4 /* Item.swift */ = {isa = PBXFileReference; lastKnownFileType = sourcecode.swift; path = Item.swift; sourceTree = "<group>"; };
		4EF569222C8E941300416DD4 /* Assets.xcassets */ = {isa = PBXFileReference; lastKnownFileType = folder.assetcatalog; path = Assets.xcassets; sourceTree = "<group>"; };
		4EF569252C8E941300416DD4 /* Preview Assets.xcassets */ = {isa = PBXFileReference; lastKnownFileType = folder.assetcatalog; path = "Preview Assets.xcassets"; sourceTree = "<group>"; };
		4EF5692B2C8E941300416DD4 /* firstassignmentTests.xctest */ = {isa = PBXFileReference; explicitFileType = wrapper.cfbundle; includeInIndex = 0; path = firstassignmentTests.xctest; sourceTree = BUILT_PRODUCTS_DIR; };
		4EF5692F2C8E941300416DD4 /* firstassignmentTests.swift */ = {isa = PBXFileReference; lastKnownFileType = sourcecode.swift; path = firstassignmentTests.swift; sourceTree = "<group>"; };
		4EF569352C8E941300416DD4 /* firstassignmentUITests.xctest */ = {isa = PBXFileReference; explicitFileType = wrapper.cfbundle; includeInIndex = 0; path = firstassignmentUITests.xctest; sourceTree = BUILT_PRODUCTS_DIR; };
		4EF569392C8E941300416DD4 /* firstassignmentUITests.swift */ = {isa = PBXFileReference; lastKnownFileType = sourcecode.swift; path = firstassignmentUITests.swift; sourceTree = "<group>"; };
		4EF5693B2C8E941300416DD4 /* firstassignmentUITestsLaunchTests.swift */ = {isa = PBXFileReference; lastKnownFileType = sourcecode.swift; path = firstassignmentUITestsLaunchTests.swift; sourceTree = "<group>"; };
/* End PBXFileReference section */

/* Begin PBXFrameworksBuildPhase section */
		4EF569162C8E941100416DD4 /* Frameworks */ = {
			isa = PBXFrameworksBuildPhase;
			buildActionMask = 2147483647;
			files = (
				4E47484D2C8FDBC9002E0BD9 /* FirebaseStorageCombine-Community in Frameworks */,
				4E4748452C8FDBC9002E0BD9 /* FirebaseMessaging in Frameworks */,
				4E4748432C8FDBC9002E0BD9 /* FirebaseMLModelDownloader in Frameworks */,
				4E4748352C8FDBC9002E0BD9 /* FirebaseDatabase in Frameworks */,
				4E4748372C8FDBC9002E0BD9 /* FirebaseDynamicLinks in Frameworks */,
				4E4748232C8FDA86002E0BD9 /* FirebaseAnalytics in Frameworks */,
				4E47482D2C8FDBC9002E0BD9 /* FirebaseAnalyticsWithoutAdIdSupport in Frameworks */,
				4E4748292C8FDB51002E0BD9 /* FirebaseFirestore in Frameworks */,
				4E47482B2C8FDBC9002E0BD9 /* FirebaseAnalyticsOnDeviceConversion in Frameworks */,
				4E47482F2C8FDBC9002E0BD9 /* FirebaseAppCheck in Frameworks */,
				4E47483D2C8FDBC9002E0BD9 /* FirebaseFunctionsCombine-Community in Frameworks */,
				4E4748272C8FDB51002E0BD9 /* FirebaseAuthCombine-Community in Frameworks */,
				4E47484B2C8FDBC9002E0BD9 /* FirebaseStorage in Frameworks */,
				4E4748332C8FDBC9002E0BD9 /* FirebaseCrashlytics in Frameworks */,
				4E47483B2C8FDBC9002E0BD9 /* FirebaseFunctions in Frameworks */,
				4E4748412C8FDBC9002E0BD9 /* FirebaseInstallations in Frameworks */,
				4E4748472C8FDBC9002E0BD9 /* FirebasePerformance in Frameworks */,
				4E4748392C8FDBC9002E0BD9 /* FirebaseFirestoreCombine-Community in Frameworks */,
				4E4748252C8FDB51002E0BD9 /* FirebaseAuth in Frameworks */,
				4E4748312C8FDBC9002E0BD9 /* FirebaseAppDistribution-Beta in Frameworks */,
				4E47483F2C8FDBC9002E0BD9 /* FirebaseInAppMessaging-Beta in Frameworks */,
				4E47484F2C8FDBC9002E0BD9 /* FirebaseVertexAI-Preview in Frameworks */,
				4E4748492C8FDBC9002E0BD9 /* FirebaseRemoteConfig in Frameworks */,
			);
			runOnlyForDeploymentPostprocessing = 0;
		};
		4EF569282C8E941300416DD4 /* Frameworks */ = {
			isa = PBXFrameworksBuildPhase;
			buildActionMask = 2147483647;
			files = (
			);
			runOnlyForDeploymentPostprocessing = 0;
		};
		4EF569322C8E941300416DD4 /* Frameworks */ = {
			isa = PBXFrameworksBuildPhase;
			buildActionMask = 2147483647;
			files = (
			);
			runOnlyForDeploymentPostprocessing = 0;
		};
/* End PBXFrameworksBuildPhase section */

/* Begin PBXGroup section */
		4EF569102C8E941100416DD4 = {
			isa = PBXGroup;
			children = (
				4E4748522C8FE2D5002E0BD9 /* GoogleService-Info.plist */,
				4EF5691B2C8E941100416DD4 /* firstassignment */,
				4EF5692E2C8E941300416DD4 /* firstassignmentTests */,
				4EF569382C8E941300416DD4 /* firstassignmentUITests */,
				4EF5691A2C8E941100416DD4 /* Products */,
			);
			sourceTree = "<group>";
		};
		4EF5691A2C8E941100416DD4 /* Products */ = {
			isa = PBXGroup;
			children = (
				4EF569192C8E941100416DD4 /* firstassignment.app */,
				4EF5692B2C8E941300416DD4 /* firstassignmentTests.xctest */,
				4EF569352C8E941300416DD4 /* firstassignmentUITests.xctest */,
			);
			name = Products;
			sourceTree = "<group>";
		};
		4EF5691B2C8E941100416DD4 /* firstassignment */ = {
			isa = PBXGroup;
			children = (
				4EF5691C2C8E941100416DD4 /* firstassignmentApp.swift */,
				4EF5691E2C8E941100416DD4 /* ContentView.swift */,
				4EF569202C8E941100416DD4 /* Item.swift */,
				4EF569222C8E941300416DD4 /* Assets.xcassets */,
				4E4748502C8FE2AE002E0BD9 /* GoogleService-Info.plist */,
				4EF569242C8E941300416DD4 /* Preview Content */,
				4E4748532C8FE64C002E0BD9 /* LoginView.swift */,
				4E4748552C8FE66E002E0BD9 /* RegistrationView.swift */,
			);
			path = firstassignment;
			sourceTree = "<group>";
		};
		4EF569242C8E941300416DD4 /* Preview Content */ = {
			isa = PBXGroup;
			children = (
				4EF569252C8E941300416DD4 /* Preview Assets.xcassets */,
			);
			path = "Preview Content";
			sourceTree = "<group>";
		};
		4EF5692E2C8E941300416DD4 /* firstassignmentTests */ = {
			isa = PBXGroup;
			children = (
				4EF5692F2C8E941300416DD4 /* firstassignmentTests.swift */,
			);
			path = firstassignmentTests;
			sourceTree = "<group>";
		};
		4EF569382C8E941300416DD4 /* firstassignmentUITests */ = {
			isa = PBXGroup;
			children = (
				4EF569392C8E941300416DD4 /* firstassignmentUITests.swift */,
				4EF5693B2C8E941300416DD4 /* firstassignmentUITestsLaunchTests.swift */,
			);
			path = firstassignmentUITests;
			sourceTree = "<group>";
		};
/* End PBXGroup section */

/* Begin PBXNativeTarget section */
		4EF569182C8E941100416DD4 /* firstassignment */ = {
			isa = PBXNativeTarget;
			buildConfigurationList = 4EF5693F2C8E941300416DD4 /* Build configuration list for PBXNativeTarget "firstassignment" */;
			buildPhases = (
				4EF569152C8E941100416DD4 /* Sources */,
				4EF569162C8E941100416DD4 /* Frameworks */,
				4EF569172C8E941100416DD4 /* Resources */,
			);
			buildRules = (
			);
			dependencies = (
			);
			name = firstassignment;
			packageProductDependencies = (
				4E4748222C8FDA86002E0BD9 /* FirebaseAnalytics */,
				4E4748242C8FDB51002E0BD9 /* FirebaseAuth */,
				4E4748262C8FDB51002E0BD9 /* FirebaseAuthCombine-Community */,
				4E4748282C8FDB51002E0BD9 /* FirebaseFirestore */,
				4E47482A2C8FDBC9002E0BD9 /* FirebaseAnalyticsOnDeviceConversion */,
				4E47482C2C8FDBC9002E0BD9 /* FirebaseAnalyticsWithoutAdIdSupport */,
				4E47482E2C8FDBC9002E0BD9 /* FirebaseAppCheck */,
				4E4748302C8FDBC9002E0BD9 /* FirebaseAppDistribution-Beta */,
				4E4748322C8FDBC9002E0BD9 /* FirebaseCrashlytics */,
				4E4748342C8FDBC9002E0BD9 /* FirebaseDatabase */,
				4E4748362C8FDBC9002E0BD9 /* FirebaseDynamicLinks */,
				4E4748382C8FDBC9002E0BD9 /* FirebaseFirestoreCombine-Community */,
				4E47483A2C8FDBC9002E0BD9 /* FirebaseFunctions */,
				4E47483C2C8FDBC9002E0BD9 /* FirebaseFunctionsCombine-Community */,
				4E47483E2C8FDBC9002E0BD9 /* FirebaseInAppMessaging-Beta */,
				4E4748402C8FDBC9002E0BD9 /* FirebaseInstallations */,
				4E4748422C8FDBC9002E0BD9 /* FirebaseMLModelDownloader */,
				4E4748442C8FDBC9002E0BD9 /* FirebaseMessaging */,
				4E4748462C8FDBC9002E0BD9 /* FirebasePerformance */,
				4E4748482C8FDBC9002E0BD9 /* FirebaseRemoteConfig */,
				4E47484A2C8FDBC9002E0BD9 /* FirebaseStorage */,
				4E47484C2C8FDBC9002E0BD9 /* FirebaseStorageCombine-Community */,
				4E47484E2C8FDBC9002E0BD9 /* FirebaseVertexAI-Preview */,
			);
			productName = firstassignment;
			productReference = 4EF569192C8E941100416DD4 /* firstassignment.app */;
			productType = "com.apple.product-type.application";
		};
		4EF5692A2C8E941300416DD4 /* firstassignmentTests */ = {
			isa = PBXNativeTarget;
			buildConfigurationList = 4EF569422C8E941300416DD4 /* Build configuration list for PBXNativeTarget "firstassignmentTests" */;
			buildPhases = (
				4EF569272C8E941300416DD4 /* Sources */,
				4EF569282C8E941300416DD4 /* Frameworks */,
				4EF569292C8E941300416DD4 /* Resources */,
			);
			buildRules = (
			);
			dependencies = (
				4EF5692D2C8E941300416DD4 /* PBXTargetDependency */,
			);
			name = firstassignmentTests;
			productName = firstassignmentTests;
			productReference = 4EF5692B2C8E941300416DD4 /* firstassignmentTests.xctest */;
			productType = "com.apple.product-type.bundle.unit-test";
		};
		4EF569342C8E941300416DD4 /* firstassignmentUITests */ = {
			isa = PBXNativeTarget;
			buildConfigurationList = 4EF569452C8E941300416DD4 /* Build configuration list for PBXNativeTarget "firstassignmentUITests" */;
			buildPhases = (
				4EF569312C8E941300416DD4 /* Sources */,
				4EF569322C8E941300416DD4 /* Frameworks */,
				4EF569332C8E941300416DD4 /* Resources */,
			);
			buildRules = (
			);
			dependencies = (
				4EF569372C8E941300416DD4 /* PBXTargetDependency */,
			);
			name = firstassignmentUITests;
			productName = firstassignmentUITests;
			productReference = 4EF569352C8E941300416DD4 /* firstassignmentUITests.xctest */;
			productType = "com.apple.product-type.bundle.ui-testing";
		};
/* End PBXNativeTarget section */

/* Begin PBXProject section */
		4EF569112C8E941100416DD4 /* Project object */ = {
			isa = PBXProject;
			attributes = {
				BuildIndependentTargetsInParallel = 1;
				LastSwiftUpdateCheck = 1540;
				LastUpgradeCheck = 1540;
				TargetAttributes = {
					4EF569182C8E941100416DD4 = {
						CreatedOnToolsVersion = 15.4;
					};
					4EF5692A2C8E941300416DD4 = {
						CreatedOnToolsVersion = 15.4;
						TestTargetID = 4EF569182C8E941100416DD4;
					};
					4EF569342C8E941300416DD4 = {
						CreatedOnToolsVersion = 15.4;
						TestTargetID = 4EF569182C8E941100416DD4;
					};
				};
			};
			buildConfigurationList = 4EF569142C8E941100416DD4 /* Build configuration list for PBXProject "firstassignment" */;
			compatibilityVersion = "Xcode 14.0";
			developmentRegion = en;
			hasScannedForEncodings = 0;
			knownRegions = (
				en,
				Base,
			);
			mainGroup = 4EF569102C8E941100416DD4;
			packageReferences = (
				4E4748212C8FDA86002E0BD9 /* XCRemoteSwiftPackageReference "firebase-ios-sdk" */,
			);
			productRefGroup = 4EF5691A2C8E941100416DD4 /* Products */;
			projectDirPath = "";
			projectRoot = "";
			targets = (
				4EF569182C8E941100416DD4 /* firstassignment */,
				4EF5692A2C8E941300416DD4 /* firstassignmentTests */,
				4EF569342C8E941300416DD4 /* firstassignmentUITests */,
			);
		};
/* End PBXProject section */

/* Begin PBXResourcesBuildPhase section */
		4EF569172C8E941100416DD4 /* Resources */ = {
			isa = PBXResourcesBuildPhase;
			buildActionMask = 2147483647;
			files = (
				4EF569262C8E941300416DD4 /* Preview Assets.xcassets in Resources */,
				4EF569232C8E941300416DD4 /* Assets.xcassets in Resources */,
				4E4748512C8FE2AF002E0BD9 /* GoogleService-Info.plist in Resources */,
			);
			runOnlyForDeploymentPostprocessing = 0;
		};
		4EF569292C8E941300416DD4 /* Resources */ = {
			isa = PBXResourcesBuildPhase;
			buildActionMask = 2147483647;
			files = (
			);
			runOnlyForDeploymentPostprocessing = 0;
		};
		4EF569332C8E941300416DD4 /* Resources */ = {
			isa = PBXResourcesBuildPhase;
			buildActionMask = 2147483647;
			files = (
			);
			runOnlyForDeploymentPostprocessing = 0;
		};
/* End PBXResourcesBuildPhase section */

/* Begin PBXSourcesBuildPhase section */
		4EF569152C8E941100416DD4 /* Sources */ = {
			isa = PBXSourcesBuildPhase;
			buildActionMask = 2147483647;
			files = (
				4EF5691F2C8E941100416DD4 /* ContentView.swift in Sources */,
				4EF569212C8E941100416DD4 /* Item.swift in Sources */,
				4E4748542C8FE64C002E0BD9 /* LoginView.swift in Sources */,
				4EF5691D2C8E941100416DD4 /* firstassignmentApp.swift in Sources */,
				4E4748562C8FE66E002E0BD9 /* RegistrationView.swift in Sources */,
			);
			runOnlyForDeploymentPostprocessing = 0;
		};
		4EF569272C8E941300416DD4 /* Sources */ = {
			isa = PBXSourcesBuildPhase;
			buildActionMask = 2147483647;
			files = (
				4EF569302C8E941300416DD4 /* firstassignmentTests.swift in Sources */,
			);
			runOnlyForDeploymentPostprocessing = 0;
		};
		4EF569312C8E941300416DD4 /* Sources */ = {
			isa = PBXSourcesBuildPhase;
			buildActionMask = 2147483647;
			files = (
				4EF5693C2C8E941300416DD4 /* firstassignmentUITestsLaunchTests.swift in Sources */,
				4EF5693A2C8E941300416DD4 /* firstassignmentUITests.swift in Sources */,
			);
			runOnlyForDeploymentPostprocessing = 0;
		};
/* End PBXSourcesBuildPhase section */

/* Begin PBXTargetDependency section */
		4EF5692D2C8E941300416DD4 /* PBXTargetDependency */ = {
			isa = PBXTargetDependency;
			target = 4EF569182C8E941100416DD4 /* firstassignment */;
			targetProxy = 4EF5692C2C8E941300416DD4 /* PBXContainerItemProxy */;
		};
		4EF569372C8E941300416DD4 /* PBXTargetDependency */ = {
			isa = PBXTargetDependency;
			target = 4EF569182C8E941100416DD4 /* firstassignment */;
			targetProxy = 4EF569362C8E941300416DD4 /* PBXContainerItemProxy */;
		};
/* End PBXTargetDependency section */

/* Begin XCBuildConfiguration section */
		4EF5693D2C8E941300416DD4 /* Debug */ = {
			isa = XCBuildConfiguration;
			buildSettings = {
				ALWAYS_SEARCH_USER_PATHS = NO;
				ASSETCATALOG_COMPILER_GENERATE_SWIFT_ASSET_SYMBOL_EXTENSIONS = YES;
				CLANG_ANALYZER_NONNULL = YES;
				CLANG_ANALYZER_NUMBER_OBJECT_CONVERSION = YES_AGGRESSIVE;
				CLANG_CXX_LANGUAGE_STANDARD = "gnu++20";
				CLANG_ENABLE_MODULES = YES;
				CLANG_ENABLE_OBJC_ARC = YES;
				CLANG_ENABLE_OBJC_WEAK = YES;
				CLANG_WARN_BLOCK_CAPTURE_AUTORELEASING = YES;
				CLANG_WARN_BOOL_CONVERSION = YES;
				CLANG_WARN_COMMA = YES;
				CLANG_WARN_CONSTANT_CONVERSION = YES;
				CLANG_WARN_DEPRECATED_OBJC_IMPLEMENTATIONS = YES;
				CLANG_WARN_DIRECT_OBJC_ISA_USAGE = YES_ERROR;
				CLANG_WARN_DOCUMENTATION_COMMENTS = YES;
				CLANG_WARN_EMPTY_BODY = YES;
				CLANG_WARN_ENUM_CONVERSION = YES;
				CLANG_WARN_INFINITE_RECURSION = YES;
				CLANG_WARN_INT_CONVERSION = YES;
				CLANG_WARN_NON_LITERAL_NULL_CONVERSION = YES;
				CLANG_WARN_OBJC_IMPLICIT_RETAIN_SELF = YES;
				CLANG_WARN_OBJC_LITERAL_CONVERSION = YES;
				CLANG_WARN_OBJC_ROOT_CLASS = YES_ERROR;
				CLANG_WARN_QUOTED_INCLUDE_IN_FRAMEWORK_HEADER = YES;
				CLANG_WARN_RANGE_LOOP_ANALYSIS = YES;
				CLANG_WARN_STRICT_PROTOTYPES = YES;
				CLANG_WARN_SUSPICIOUS_MOVE = YES;
				CLANG_WARN_UNGUARDED_AVAILABILITY = YES_AGGRESSIVE;
				CLANG_WARN_UNREACHABLE_CODE = YES;
				CLANG_WARN__DUPLICATE_METHOD_MATCH = YES;
				COPY_PHASE_STRIP = NO;
				DEBUG_INFORMATION_FORMAT = dwarf;
				ENABLE_STRICT_OBJC_MSGSEND = YES;
				ENABLE_TESTABILITY = YES;
				ENABLE_USER_SCRIPT_SANDBOXING = YES;
				GCC_C_LANGUAGE_STANDARD = gnu17;
				GCC_DYNAMIC_NO_PIC = NO;
				GCC_NO_COMMON_BLOCKS = YES;
				GCC_OPTIMIZATION_LEVEL = 0;
				GCC_PREPROCESSOR_DEFINITIONS = (
					"DEBUG=1",
					"$(inherited)",
				);
				GCC_WARN_64_TO_32_BIT_CONVERSION = YES;
				GCC_WARN_ABOUT_RETURN_TYPE = YES_ERROR;
				GCC_WARN_UNDECLARED_SELECTOR = YES;
				GCC_WARN_UNINITIALIZED_AUTOS = YES_AGGRESSIVE;
				GCC_WARN_UNUSED_FUNCTION = YES;
				GCC_WARN_UNUSED_VARIABLE = YES;
				IPHONEOS_DEPLOYMENT_TARGET = 17.5;
				LOCALIZATION_PREFERS_STRING_CATALOGS = YES;
				MTL_ENABLE_DEBUG_INFO = INCLUDE_SOURCE;
				MTL_FAST_MATH = YES;
				ONLY_ACTIVE_ARCH = YES;
				SDKROOT = iphoneos;
				SWIFT_ACTIVE_COMPILATION_CONDITIONS = "DEBUG $(inherited)";
				SWIFT_OPTIMIZATION_LEVEL = "-Onone";
			};
			name = Debug;
		};
		4EF5693E2C8E941300416DD4 /* Release */ = {
			isa = XCBuildConfiguration;
			buildSettings = {
				ALWAYS_SEARCH_USER_PATHS = NO;
				ASSETCATALOG_COMPILER_GENERATE_SWIFT_ASSET_SYMBOL_EXTENSIONS = YES;
				CLANG_ANALYZER_NONNULL = YES;
				CLANG_ANALYZER_NUMBER_OBJECT_CONVERSION = YES_AGGRESSIVE;
				CLANG_CXX_LANGUAGE_STANDARD = "gnu++20";
				CLANG_ENABLE_MODULES = YES;
				CLANG_ENABLE_OBJC_ARC = YES;
				CLANG_ENABLE_OBJC_WEAK = YES;
				CLANG_WARN_BLOCK_CAPTURE_AUTORELEASING = YES;
				CLANG_WARN_BOOL_CONVERSION = YES;
				CLANG_WARN_COMMA = YES;
				CLANG_WARN_CONSTANT_CONVERSION = YES;
				CLANG_WARN_DEPRECATED_OBJC_IMPLEMENTATIONS = YES;
				CLANG_WARN_DIRECT_OBJC_ISA_USAGE = YES_ERROR;
				CLANG_WARN_DOCUMENTATION_COMMENTS = YES;
				CLANG_WARN_EMPTY_BODY = YES;
				CLANG_WARN_ENUM_CONVERSION = YES;
				CLANG_WARN_INFINITE_RECURSION = YES;
				CLANG_WARN_INT_CONVERSION = YES;
				CLANG_WARN_NON_LITERAL_NULL_CONVERSION = YES;
				CLANG_WARN_OBJC_IMPLICIT_RETAIN_SELF = YES;
				CLANG_WARN_OBJC_LITERAL_CONVERSION = YES;
				CLANG_WARN_OBJC_ROOT_CLASS = YES_ERROR;
				CLANG_WARN_QUOTED_INCLUDE_IN_FRAMEWORK_HEADER = YES;
				CLANG_WARN_RANGE_LOOP_ANALYSIS = YES;
				CLANG_WARN_STRICT_PROTOTYPES = YES;
				CLANG_WARN_SUSPICIOUS_MOVE = YES;
				CLANG_WARN_UNGUARDED_AVAILABILITY = YES_AGGRESSIVE;
				CLANG_WARN_UNREACHABLE_CODE = YES;
				CLANG_WARN__DUPLICATE_METHOD_MATCH = YES;
				COPY_PHASE_STRIP = NO;
				DEBUG_INFORMATION_FORMAT = "dwarf-with-dsym";
				ENABLE_NS_ASSERTIONS = NO;
				ENABLE_STRICT_OBJC_MSGSEND = YES;
				ENABLE_USER_SCRIPT_SANDBOXING = YES;
				GCC_C_LANGUAGE_STANDARD = gnu17;
				GCC_NO_COMMON_BLOCKS = YES;
				GCC_WARN_64_TO_32_BIT_CONVERSION = YES;
				GCC_WARN_ABOUT_RETURN_TYPE = YES_ERROR;
				GCC_WARN_UNDECLARED_SELECTOR = YES;
				GCC_WARN_UNINITIALIZED_AUTOS = YES_AGGRESSIVE;
				GCC_WARN_UNUSED_FUNCTION = YES;
				GCC_WARN_UNUSED_VARIABLE = YES;
				IPHONEOS_DEPLOYMENT_TARGET = 17.5;
				LOCALIZATION_PREFERS_STRING_CATALOGS = YES;
				MTL_ENABLE_DEBUG_INFO = NO;
				MTL_FAST_MATH = YES;
				SDKROOT = iphoneos;
				SWIFT_COMPILATION_MODE = wholemodule;
				VALIDATE_PRODUCT = YES;
			};
			name = Release;
		};
		4EF569402C8E941300416DD4 /* Debug */ = {
			isa = XCBuildConfiguration;
			buildSettings = {
				ASSETCATALOG_COMPILER_APPICON_NAME = AppIcon;
				ASSETCATALOG_COMPILER_GLOBAL_ACCENT_COLOR_NAME = AccentColor;
				CODE_SIGN_STYLE = Automatic;
				CURRENT_PROJECT_VERSION = 1;
				DEVELOPMENT_ASSET_PATHS = "\"firstassignment/Preview Content\"";
				ENABLE_PREVIEWS = YES;
				GENERATE_INFOPLIST_FILE = YES;
				INFOPLIST_KEY_UIApplicationSceneManifest_Generation = YES;
				INFOPLIST_KEY_UIApplicationSupportsIndirectInputEvents = YES;
				INFOPLIST_KEY_UILaunchScreen_Generation = YES;
				INFOPLIST_KEY_UISupportedInterfaceOrientations_iPad = "UIInterfaceOrientationPortrait UIInterfaceOrientationPortraitUpsideDown UIInterfaceOrientationLandscapeLeft UIInterfaceOrientationLandscapeRight";
				INFOPLIST_KEY_UISupportedInterfaceOrientations_iPhone = "UIInterfaceOrientationPortrait UIInterfaceOrientationLandscapeLeft UIInterfaceOrientationLandscapeRight";
				LD_RUNPATH_SEARCH_PATHS = (
					"$(inherited)",
					"@executable_path/Frameworks",
				);
				MARKETING_VERSION = 1.0;
				PRODUCT_BUNDLE_IDENTIFIER = eric.firstassignment;
				PRODUCT_NAME = "$(TARGET_NAME)";
				SWIFT_EMIT_LOC_STRINGS = YES;
				SWIFT_VERSION = 5.0;
				TARGETED_DEVICE_FAMILY = "1,2";
			};
			name = Debug;
		};
		4EF569412C8E941300416DD4 /* Release */ = {
			isa = XCBuildConfiguration;
			buildSettings = {
				ASSETCATALOG_COMPILER_APPICON_NAME = AppIcon;
				ASSETCATALOG_COMPILER_GLOBAL_ACCENT_COLOR_NAME = AccentColor;
				CODE_SIGN_STYLE = Automatic;
				CURRENT_PROJECT_VERSION = 1;
				DEVELOPMENT_ASSET_PATHS = "\"firstassignment/Preview Content\"";
				ENABLE_PREVIEWS = YES;
				GENERATE_INFOPLIST_FILE = YES;
				INFOPLIST_KEY_UIApplicationSceneManifest_Generation = YES;
				INFOPLIST_KEY_UIApplicationSupportsIndirectInputEvents = YES;
				INFOPLIST_KEY_UILaunchScreen_Generation = YES;
				INFOPLIST_KEY_UISupportedInterfaceOrientations_iPad = "UIInterfaceOrientationPortrait UIInterfaceOrientationPortraitUpsideDown UIInterfaceOrientationLandscapeLeft UIInterfaceOrientationLandscapeRight";
				INFOPLIST_KEY_UISupportedInterfaceOrientations_iPhone = "UIInterfaceOrientationPortrait UIInterfaceOrientationLandscapeLeft UIInterfaceOrientationLandscapeRight";
				LD_RUNPATH_SEARCH_PATHS = (
					"$(inherited)",
					"@executable_path/Frameworks",
				);
				MARKETING_VERSION = 1.0;
				PRODUCT_BUNDLE_IDENTIFIER = eric.firstassignment;
				PRODUCT_NAME = "$(TARGET_NAME)";
				SWIFT_EMIT_LOC_STRINGS = YES;
				SWIFT_VERSION = 5.0;
				TARGETED_DEVICE_FAMILY = "1,2";
			};
			name = Release;
		};
		4EF569432C8E941300416DD4 /* Debug */ = {
			isa = XCBuildConfiguration;
			buildSettings = {
				ALWAYS_EMBED_SWIFT_STANDARD_LIBRARIES = YES;
				BUNDLE_LOADER = "$(TEST_HOST)";
				CODE_SIGN_STYLE = Automatic;
				CURRENT_PROJECT_VERSION = 1;
				GENERATE_INFOPLIST_FILE = YES;
				IPHONEOS_DEPLOYMENT_TARGET = 17.5;
				MARKETING_VERSION = 1.0;
				PRODUCT_BUNDLE_IDENTIFIER = eric.firstassignmentTests;
				PRODUCT_NAME = "$(TARGET_NAME)";
				SWIFT_EMIT_LOC_STRINGS = NO;
				SWIFT_VERSION = 5.0;
				TARGETED_DEVICE_FAMILY = "1,2";
				TEST_HOST = "$(BUILT_PRODUCTS_DIR)/firstassignment.app/$(BUNDLE_EXECUTABLE_FOLDER_PATH)/firstassignment";
			};
			name = Debug;
		};
		4EF569442C8E941300416DD4 /* Release */ = {
			isa = XCBuildConfiguration;
			buildSettings = {
				ALWAYS_EMBED_SWIFT_STANDARD_LIBRARIES = YES;
				BUNDLE_LOADER = "$(TEST_HOST)";
				CODE_SIGN_STYLE = Automatic;
				CURRENT_PROJECT_VERSION = 1;
				GENERATE_INFOPLIST_FILE = YES;
				IPHONEOS_DEPLOYMENT_TARGET = 17.5;
				MARKETING_VERSION = 1.0;
				PRODUCT_BUNDLE_IDENTIFIER = eric.firstassignmentTests;
				PRODUCT_NAME = "$(TARGET_NAME)";
				SWIFT_EMIT_LOC_STRINGS = NO;
				SWIFT_VERSION = 5.0;
				TARGETED_DEVICE_FAMILY = "1,2";
				TEST_HOST = "$(BUILT_PRODUCTS_DIR)/firstassignment.app/$(BUNDLE_EXECUTABLE_FOLDER_PATH)/firstassignment";
			};
			name = Release;
		};
		4EF569462C8E941300416DD4 /* Debug */ = {
			isa = XCBuildConfiguration;
			buildSettings = {
				ALWAYS_EMBED_SWIFT_STANDARD_LIBRARIES = YES;
				CODE_SIGN_STYLE = Automatic;
				CURRENT_PROJECT_VERSION = 1;
				GENERATE_INFOPLIST_FILE = YES;
				MARKETING_VERSION = 1.0;
				PRODUCT_BUNDLE_IDENTIFIER = eric.firstassignmentUITests;
				PRODUCT_NAME = "$(TARGET_NAME)";
				SWIFT_EMIT_LOC_STRINGS = NO;
				SWIFT_VERSION = 5.0;
				TARGETED_DEVICE_FAMILY = "1,2";
				TEST_TARGET_NAME = firstassignment;
			};
			name = Debug;
		};
		4EF569472C8E941300416DD4 /* Release */ = {
			isa = XCBuildConfiguration;
			buildSettings = {
				ALWAYS_EMBED_SWIFT_STANDARD_LIBRARIES = YES;
				CODE_SIGN_STYLE = Automatic;
				CURRENT_PROJECT_VERSION = 1;
				GENERATE_INFOPLIST_FILE = YES;
				MARKETING_VERSION = 1.0;
				PRODUCT_BUNDLE_IDENTIFIER = eric.firstassignmentUITests;
				PRODUCT_NAME = "$(TARGET_NAME)";
				SWIFT_EMIT_LOC_STRINGS = NO;
				SWIFT_VERSION = 5.0;
				TARGETED_DEVICE_FAMILY = "1,2";
				TEST_TARGET_NAME = firstassignment;
			};
			name = Release;
		};
/* End XCBuildConfiguration section */

/* Begin XCConfigurationList section */
		4EF569142C8E941100416DD4 /* Build configuration list for PBXProject "firstassignment" */ = {
			isa = XCConfigurationList;
			buildConfigurations = (
				4EF5693D2C8E941300416DD4 /* Debug */,
				4EF5693E2C8E941300416DD4 /* Release */,
			);
			defaultConfigurationIsVisible = 0;
			defaultConfigurationName = Release;
		};
		4EF5693F2C8E941300416DD4 /* Build configuration list for PBXNativeTarget "firstassignment" */ = {
			isa = XCConfigurationList;
			buildConfigurations = (
				4EF569402C8E941300416DD4 /* Debug */,
				4EF569412C8E941300416DD4 /* Release */,
			);
			defaultConfigurationIsVisible = 0;
			defaultConfigurationName = Release;
		};
		4EF569422C8E941300416DD4 /* Build configuration list for PBXNativeTarget "firstassignmentTests" */ = {
			isa = XCConfigurationList;
			buildConfigurations = (
				4EF569432C8E941300416DD4 /* Debug */,
				4EF569442C8E941300416DD4 /* Release */,
			);
			defaultConfigurationIsVisible = 0;
			defaultConfigurationName = Release;
		};
		4EF569452C8E941300416DD4 /* Build configuration list for PBXNativeTarget "firstassignmentUITests" */ = {
			isa = XCConfigurationList;
			buildConfigurations = (
				4EF569462C8E941300416DD4 /* Debug */,
				4EF569472C8E941300416DD4 /* Release */,
			);
			defaultConfigurationIsVisible = 0;
			defaultConfigurationName = Release;
		};
/* End XCConfigurationList section */

/* Begin XCRemoteSwiftPackageReference section */
		4E4748212C8FDA86002E0BD9 /* XCRemoteSwiftPackageReference "firebase-ios-sdk" */ = {
			isa = XCRemoteSwiftPackageReference;
			repositoryURL = "https://github.com/firebase/firebase-ios-sdk";
			requirement = {
				kind = upToNextMajorVersion;
				minimumVersion = 11.1.0;
			};
		};
/* End XCRemoteSwiftPackageReference section */

/* Begin XCSwiftPackageProductDependency section */
		4E4748222C8FDA86002E0BD9 /* FirebaseAnalytics */ = {
			isa = XCSwiftPackageProductDependency;
			package = 4E4748212C8FDA86002E0BD9 /* XCRemoteSwiftPackageReference "firebase-ios-sdk" */;
			productName = FirebaseAnalytics;
		};
		4E4748242C8FDB51002E0BD9 /* FirebaseAuth */ = {
			isa = XCSwiftPackageProductDependency;
			package = 4E4748212C8FDA86002E0BD9 /* XCRemoteSwiftPackageReference "firebase-ios-sdk" */;
			productName = FirebaseAuth;
		};
		4E4748262C8FDB51002E0BD9 /* FirebaseAuthCombine-Community */ = {
			isa = XCSwiftPackageProductDependency;
			package = 4E4748212C8FDA86002E0BD9 /* XCRemoteSwiftPackageReference "firebase-ios-sdk" */;
			productName = "FirebaseAuthCombine-Community";
		};
		4E4748282C8FDB51002E0BD9 /* FirebaseFirestore */ = {
			isa = XCSwiftPackageProductDependency;
			package = 4E4748212C8FDA86002E0BD9 /* XCRemoteSwiftPackageReference "firebase-ios-sdk" */;
			productName = FirebaseFirestore;
		};
		4E47482A2C8FDBC9002E0BD9 /* FirebaseAnalyticsOnDeviceConversion */ = {
			isa = XCSwiftPackageProductDependency;
			package = 4E4748212C8FDA86002E0BD9 /* XCRemoteSwiftPackageReference "firebase-ios-sdk" */;
			productName = FirebaseAnalyticsOnDeviceConversion;
		};
		4E47482C2C8FDBC9002E0BD9 /* FirebaseAnalyticsWithoutAdIdSupport */ = {
			isa = XCSwiftPackageProductDependency;
			package = 4E4748212C8FDA86002E0BD9 /* XCRemoteSwiftPackageReference "firebase-ios-sdk" */;
			productName = FirebaseAnalyticsWithoutAdIdSupport;
		};
		4E47482E2C8FDBC9002E0BD9 /* FirebaseAppCheck */ = {
			isa = XCSwiftPackageProductDependency;
			package = 4E4748212C8FDA86002E0BD9 /* XCRemoteSwiftPackageReference "firebase-ios-sdk" */;
			productName = FirebaseAppCheck;
		};
		4E4748302C8FDBC9002E0BD9 /* FirebaseAppDistribution-Beta */ = {
			isa = XCSwiftPackageProductDependency;
			package = 4E4748212C8FDA86002E0BD9 /* XCRemoteSwiftPackageReference "firebase-ios-sdk" */;
			productName = "FirebaseAppDistribution-Beta";
		};
		4E4748322C8FDBC9002E0BD9 /* FirebaseCrashlytics */ = {
			isa = XCSwiftPackageProductDependency;
			package = 4E4748212C8FDA86002E0BD9 /* XCRemoteSwiftPackageReference "firebase-ios-sdk" */;
			productName = FirebaseCrashlytics;
		};
		4E4748342C8FDBC9002E0BD9 /* FirebaseDatabase */ = {
			isa = XCSwiftPackageProductDependency;
			package = 4E4748212C8FDA86002E0BD9 /* XCRemoteSwiftPackageReference "firebase-ios-sdk" */;
			productName = FirebaseDatabase;
		};
		4E4748362C8FDBC9002E0BD9 /* FirebaseDynamicLinks */ = {
			isa = XCSwiftPackageProductDependency;
			package = 4E4748212C8FDA86002E0BD9 /* XCRemoteSwiftPackageReference "firebase-ios-sdk" */;
			productName = FirebaseDynamicLinks;
		};
		4E4748382C8FDBC9002E0BD9 /* FirebaseFirestoreCombine-Community */ = {
			isa = XCSwiftPackageProductDependency;
			package = 4E4748212C8FDA86002E0BD9 /* XCRemoteSwiftPackageReference "firebase-ios-sdk" */;
			productName = "FirebaseFirestoreCombine-Community";
		};
		4E47483A2C8FDBC9002E0BD9 /* FirebaseFunctions */ = {
			isa = XCSwiftPackageProductDependency;
			package = 4E4748212C8FDA86002E0BD9 /* XCRemoteSwiftPackageReference "firebase-ios-sdk" */;
			productName = FirebaseFunctions;
		};
		4E47483C2C8FDBC9002E0BD9 /* FirebaseFunctionsCombine-Community */ = {
			isa = XCSwiftPackageProductDependency;
			package = 4E4748212C8FDA86002E0BD9 /* XCRemoteSwiftPackageReference "firebase-ios-sdk" */;
			productName = "FirebaseFunctionsCombine-Community";
		};
		4E47483E2C8FDBC9002E0BD9 /* FirebaseInAppMessaging-Beta */ = {
			isa = XCSwiftPackageProductDependency;
			package = 4E4748212C8FDA86002E0BD9 /* XCRemoteSwiftPackageReference "firebase-ios-sdk" */;
			productName = "FirebaseInAppMessaging-Beta";
		};
		4E4748402C8FDBC9002E0BD9 /* FirebaseInstallations */ = {
			isa = XCSwiftPackageProductDependency;
			package = 4E4748212C8FDA86002E0BD9 /* XCRemoteSwiftPackageReference "firebase-ios-sdk" */;
			productName = FirebaseInstallations;
		};
		4E4748422C8FDBC9002E0BD9 /* FirebaseMLModelDownloader */ = {
			isa = XCSwiftPackageProductDependency;
			package = 4E4748212C8FDA86002E0BD9 /* XCRemoteSwiftPackageReference "firebase-ios-sdk" */;
			productName = FirebaseMLModelDownloader;
		};
		4E4748442C8FDBC9002E0BD9 /* FirebaseMessaging */ = {
			isa = XCSwiftPackageProductDependency;
			package = 4E4748212C8FDA86002E0BD9 /* XCRemoteSwiftPackageReference "firebase-ios-sdk" */;
			productName = FirebaseMessaging;
		};
		4E4748462C8FDBC9002E0BD9 /* FirebasePerformance */ = {
			isa = XCSwiftPackageProductDependency;
			package = 4E4748212C8FDA86002E0BD9 /* XCRemoteSwiftPackageReference "firebase-ios-sdk" */;
			productName = FirebasePerformance;
		};
		4E4748482C8FDBC9002E0BD9 /* FirebaseRemoteConfig */ = {
			isa = XCSwiftPackageProductDependency;
			package = 4E4748212C8FDA86002E0BD9 /* XCRemoteSwiftPackageReference "firebase-ios-sdk" */;
			productName = FirebaseRemoteConfig;
		};
		4E47484A2C8FDBC9002E0BD9 /* FirebaseStorage */ = {
			isa = XCSwiftPackageProductDependency;
			package = 4E4748212C8FDA86002E0BD9 /* XCRemoteSwiftPackageReference "firebase-ios-sdk" */;
			productName = FirebaseStorage;
		};
		4E47484C2C8FDBC9002E0BD9 /* FirebaseStorageCombine-Community */ = {
			isa = XCSwiftPackageProductDependency;
			package = 4E4748212C8FDA86002E0BD9 /* XCRemoteSwiftPackageReference "firebase-ios-sdk" */;
			productName = "FirebaseStorageCombine-Community";
		};
		4E47484E2C8FDBC9002E0BD9 /* FirebaseVertexAI-Preview */ = {
			isa = XCSwiftPackageProductDependency;
			package = 4E4748212C8FDA86002E0BD9 /* XCRemoteSwiftPackageReference "firebase-ios-sdk" */;
			productName = "FirebaseVertexAI-Preview";
		};
/* End XCSwiftPackageProductDependency section */
	};
	rootObject = 4EF569112C8E941100416DD4 /* Project object */;
}
